
Microsoft Visual Studio Solution File, Format Version 12.00
# Visual Studio Version 17
VisualStudioVersion = 17.3.32811.315
MinimumVisualStudioVersion = 10.0.40219.1
Project("{FAE04EC0-301F-11D3-BF4B-00C04F79EFBC}") = "Lista11PR2-Kaua", "Lista11PR2-Kaua\Lista11PR2-Kaua.csproj", "{40F66507-E463-4D64-9986-779D35E7A22D}"
EndProject
Global
	GlobalSection(SolutionConfigurationPlatforms) = preSolution
		Debug|Any CPU = Debug|Any CPU
		Release|Any CPU = Release|Any CPU
	EndGlobalSection
	GlobalSection(ProjectConfigurationPlatforms) = postSolution
		{40F66507-E463-4D64-9986-779D35E7A22D}.Debug|Any CPU.ActiveCfg = Debug|Any CPU
		{40F66507-E463-4D64-9986-779D35E7A22D}.Debug|Any CPU.Build.0 = Debug|Any CPU
		{40F66507-E463-4D64-9986-779D35E7A22D}.Release|Any CPU.ActiveCfg = Release|Any CPU
		{40F66507-E463-4D64-9986-779D35E7A22D}.Release|Any CPU.Build.0 = Release|Any CPU
	EndGlobalSection
	GlobalSection(SolutionProperties) = preSolution
		HideSolutionNode = FALSE
	EndGlobalSection
	GlobalSection(ExtensibilityGlobals) = postSolution
		SolutionGuid = {A32993D7-4236-409A-80C9-71BE72596ED4}
	EndGlobalSection
EndGlobal
